
Microsoft Visual Studio Solution File, Format Version 12.00
# Visual Studio 14
VisualStudioVersion = 14.0.25420.1
MinimumVisualStudioVersion = 10.0.40219.1
Project("{2150E333-8FDC-42A3-9474-1A3956D46DE8}") = "src", "src", "{59B1FF40-088C-4677-B424-BFC95266A946}"
EndProject
Project("{2150E333-8FDC-42A3-9474-1A3956D46DE8}") = "Solution Items", "Solution Items", "{C237B11A-C5C8-494B-97C5-D4363C3DBDA4}"
	ProjectSection(SolutionItems) = preProject
		global.json = global.json
	EndProjectSection
EndProject
Project("{8BB2217D-0F2D-49D1-97BC-3654ED321F3B}") = "MCAnalytics", "src\MCAnalytics\MCAnalytics.xproj", "{4F0C1F62-E8BC-4814-ACFC-0C60CD418E66}"
EndProject
Project("{00D1A9C2-B5F0-4AF3-8072-F6C62B433612}") = "MCAnalytics.DB", "src\MCAnalytics.DB\MCAnalytics.DB.sqlproj", "{292A1FA5-E149-475A-B081-12B9F4F4E052}"
EndProject
Global
	GlobalSection(SolutionConfigurationPlatforms) = preSolution
		Debug|Any CPU = Debug|Any CPU
		Release|Any CPU = Release|Any CPU
	EndGlobalSection
	GlobalSection(ProjectConfigurationPlatforms) = postSolution
		{4F0C1F62-E8BC-4814-ACFC-0C60CD418E66}.Debug|Any CPU.ActiveCfg = Debug|Any CPU
		{4F0C1F62-E8BC-4814-ACFC-0C60CD418E66}.Debug|Any CPU.Build.0 = Debug|Any CPU
		{4F0C1F62-E8BC-4814-ACFC-0C60CD418E66}.Release|Any CPU.ActiveCfg = Release|Any CPU
		{4F0C1F62-E8BC-4814-ACFC-0C60CD418E66}.Release|Any CPU.Build.0 = Release|Any CPU
		{292A1FA5-E149-475A-B081-12B9F4F4E052}.Debug|Any CPU.ActiveCfg = Debug|Any CPU
		{292A1FA5-E149-475A-B081-12B9F4F4E052}.Debug|Any CPU.Build.0 = Debug|Any CPU
		{292A1FA5-E149-475A-B081-12B9F4F4E052}.Debug|Any CPU.Deploy.0 = Debug|Any CPU
		{292A1FA5-E149-475A-B081-12B9F4F4E052}.Release|Any CPU.ActiveCfg = Release|Any CPU
		{292A1FA5-E149-475A-B081-12B9F4F4E052}.Release|Any CPU.Build.0 = Release|Any CPU
		{292A1FA5-E149-475A-B081-12B9F4F4E052}.Release|Any CPU.Deploy.0 = Release|Any CPU
	EndGlobalSection
	GlobalSection(SolutionProperties) = preSolution
		HideSolutionNode = FALSE
	EndGlobalSection
	GlobalSection(NestedProjects) = preSolution
		{4F0C1F62-E8BC-4814-ACFC-0C60CD418E66} = {59B1FF40-088C-4677-B424-BFC95266A946}
		{292A1FA5-E149-475A-B081-12B9F4F4E052} = {59B1FF40-088C-4677-B424-BFC95266A946}
	EndGlobalSection
EndGlobal
